
Microsoft Visual Studio Solution File, Format Version 11.00
# Visual Studio 2010
Project("{FAE04EC0-301F-11D3-BF4B-00C04F79EFBC}") = "SomeDummyLibrary", "SomeDummyLibrary\SomeDummyLibrary.csproj", "{591C43CC-2DD3-41AE-81BE-8377498D5D42}"
EndProject
Project("{E24C65DC-7377-472B-9ABA-BC803B73C61A}") = "SimpleSite", "SimpleSite\", "{FAB7700E-A1C0-41B3-8C5E-7F656DAFF62B}"
	ProjectSection(WebsiteProperties) = preProject
		TargetFrameworkMoniker = ".NETFramework,Version%3Dv4.0"
		ProjectReferences = "{591C43CC-2DD3-41AE-81BE-8377498D5D42}|SomeDummyLibrary.dll;"
		Debug.AspNetCompiler.VirtualPath = "/SimpleSite"
		Debug.AspNetCompiler.PhysicalPath = "SimpleSite\"
		Debug.AspNetCompiler.TargetPath = "PrecompiledWeb\SimpleSite\"
		Debug.AspNetCompiler.Updateable = "true"
		Debug.AspNetCompiler.ForceOverwrite = "true"
		Debug.AspNetCompiler.FixedNames = "false"
		Debug.AspNetCompiler.Debug = "True"
		Release.AspNetCompiler.VirtualPath = "/SimpleSite"
		Release.AspNetCompiler.PhysicalPath = "SimpleSite\"
		Release.AspNetCompiler.TargetPath = "PrecompiledWeb\SimpleSite\"
		Release.AspNetCompiler.Updateable = "true"
		Release.AspNetCompiler.ForceOverwrite = "true"
		Release.AspNetCompiler.FixedNames = "false"
		Release.AspNetCompiler.Debug = "False"
		VWDPort = "31368"
		DefaultWebSiteLanguage = "Visual C#"
	EndProjectSection
EndProject
Global
	GlobalSection(SolutionConfigurationPlatforms) = preSolution
		Debug|Any CPU = Debug|Any CPU
		Release|Any CPU = Release|Any CPU
	EndGlobalSection
	GlobalSection(ProjectConfigurationPlatforms) = postSolution
		{591C43CC-2DD3-41AE-81BE-8377498D5D42}.Debug|Any CPU.ActiveCfg = Debug|Any CPU
		{591C43CC-2DD3-41AE-81BE-8377498D5D42}.Debug|Any CPU.Build.0 = Debug|Any CPU
		{591C43CC-2DD3-41AE-81BE-8377498D5D42}.Release|Any CPU.ActiveCfg = Release|Any CPU
		{591C43CC-2DD3-41AE-81BE-8377498D5D42}.Release|Any CPU.Build.0 = Release|Any CPU
		{FAB7700E-A1C0-41B3-8C5E-7F656DAFF62B}.Debug|Any CPU.ActiveCfg = Debug|Any CPU
		{FAB7700E-A1C0-41B3-8C5E-7F656DAFF62B}.Debug|Any CPU.Build.0 = Debug|Any CPU
		{FAB7700E-A1C0-41B3-8C5E-7F656DAFF62B}.Release|Any CPU.ActiveCfg = Debug|Any CPU
		{FAB7700E-A1C0-41B3-8C5E-7F656DAFF62B}.Release|Any CPU.Build.0 = Debug|Any CPU
	EndGlobalSection
	GlobalSection(SolutionProperties) = preSolution
		HideSolutionNode = FALSE
	EndGlobalSection
EndGlobal
